
Microsoft Visual Studio Solution File, Format Version 12.00
# Visual Studio Version 17
VisualStudioVersion = 17.4.33205.214
MinimumVisualStudioVersion = 10.0.40219.1
Project("{FAE04EC0-301F-11D3-BF4B-00C04F79EFBC}") = "Savas.Dekstop", "Savas.Dekstop\Savas.Dekstop.csproj", "{A9B95B58-4E99-4401-BBE0-F171B4A2994B}"
EndProject
Project("{FAE04EC0-301F-11D3-BF4B-00C04F79EFBC}") = "Savas.Library", "Savas.Library\Savas.Library.csproj", "{58F4FE33-46D3-45F8-A6AB-078E58394717}"
EndProject
Global
	GlobalSection(SolutionConfigurationPlatforms) = preSolution
		Debug|Any CPU = Debug|Any CPU
		Release|Any CPU = Release|Any CPU
	EndGlobalSection
	GlobalSection(ProjectConfigurationPlatforms) = postSolution
		{A9B95B58-4E99-4401-BBE0-F171B4A2994B}.Debug|Any CPU.ActiveCfg = Debug|Any CPU
		{A9B95B58-4E99-4401-BBE0-F171B4A2994B}.Debug|Any CPU.Build.0 = Debug|Any CPU
		{A9B95B58-4E99-4401-BBE0-F171B4A2994B}.Release|Any CPU.ActiveCfg = Release|Any CPU
		{A9B95B58-4E99-4401-BBE0-F171B4A2994B}.Release|Any CPU.Build.0 = Release|Any CPU
		{58F4FE33-46D3-45F8-A6AB-078E58394717}.Debug|Any CPU.ActiveCfg = Debug|Any CPU
		{58F4FE33-46D3-45F8-A6AB-078E58394717}.Debug|Any CPU.Build.0 = Debug|Any CPU
		{58F4FE33-46D3-45F8-A6AB-078E58394717}.Release|Any CPU.ActiveCfg = Release|Any CPU
		{58F4FE33-46D3-45F8-A6AB-078E58394717}.Release|Any CPU.Build.0 = Release|Any CPU
	EndGlobalSection
	GlobalSection(SolutionProperties) = preSolution
		HideSolutionNode = FALSE
	EndGlobalSection
	GlobalSection(ExtensibilityGlobals) = postSolution
		SolutionGuid = {1F23F295-FA17-48E2-867F-5D660EAA734A}
	EndGlobalSection
EndGlobal
